// !$*UTF8*$!
{
	archiveVersion = 1;
	classes = {
	};
	objectVersion = 46;
	objects = {

/* Begin PBXBuildFile section */
		D0E2053F1BFD7D4200A518F8 /* AppDelegate.swift in Sources */ = {isa = PBXBuildFile; fileRef = D0E2053E1BFD7D4200A518F8 /* AppDelegate.swift */; };
		D0E205411BFD7D4200A518F8 /* ViewController.swift in Sources */ = {isa = PBXBuildFile; fileRef = D0E205401BFD7D4200A518F8 /* ViewController.swift */; };
		D0E205441BFD7D4200A518F8 /* Main.storyboard in Resources */ = {isa = PBXBuildFile; fileRef = D0E205421BFD7D4200A518F8 /* Main.storyboard */; };
		D0E205461BFD7D4200A518F8 /* Assets.xcassets in Resources */ = {isa = PBXBuildFile; fileRef = D0E205451BFD7D4200A518F8 /* Assets.xcassets */; };
		D0E205491BFD7D4200A518F8 /* LaunchScreen.storyboard in Resources */ = {isa = PBXBuildFile; fileRef = D0E205471BFD7D4200A518F8 /* LaunchScreen.storyboard */; };
		D0E205511BFD800500A518F8 /* pokemon.csv in Resources */ = {isa = PBXBuildFile; fileRef = D0E205501BFD800500A518F8 /* pokemon.csv */; };
		D0E205541BFD814100A518F8 /* Pokemon.swift in Sources */ = {isa = PBXBuildFile; fileRef = D0E205531BFD814100A518F8 /* Pokemon.swift */; };
/* End PBXBuildFile section */

/* Begin PBXFileReference section */
		D0E2053B1BFD7D4200A518F8 /* FakePokeDex.app */ = {isa = PBXFileReference; explicitFileType = wrapper.application; includeInIndex = 0; path = FakePokeDex.app; sourceTree = BUILT_PRODUCTS_DIR; };
		D0E2053E1BFD7D4200A518F8 /* AppDelegate.swift */ = {isa = PBXFileReference; lastKnownFileType = sourcecode.swift; path = AppDelegate.swift; sourceTree = "<group>"; };
		D0E205401BFD7D4200A518F8 /* ViewController.swift */ = {isa = PBXFileReference; lastKnownFileType = sourcecode.swift; path = ViewController.swift; sourceTree = "<group>"; };
		D0E205431BFD7D4200A518F8 /* Base */ = {isa = PBXFileReference; lastKnownFileType = file.storyboard; name = Base; path = Base.lproj/Main.storyboard; sourceTree = "<group>"; };
		D0E205451BFD7D4200A518F8 /* Assets.xcassets */ = {isa = PBXFileReference; lastKnownFileType = folder.assetcatalog; path = Assets.xcassets; sourceTree = "<group>"; };
		D0E205481BFD7D4200A518F8 /* Base */ = {isa = PBXFileReference; lastKnownFileType = file.storyboard; name = Base; path = Base.lproj/LaunchScreen.storyboard; sourceTree = "<group>"; };
		D0E2054A1BFD7D4200A518F8 /* Info.plist */ = {isa = PBXFileReference; lastKnownFileType = text.plist.xml; path = Info.plist; sourceTree = "<group>"; };
		D0E205501BFD800500A518F8 /* pokemon.csv */ = {isa = PBXFileReference; fileEncoding = 4; lastKnownFileType = text; path = pokemon.csv; sourceTree = "<group>"; };
		D0E205531BFD814100A518F8 /* Pokemon.swift */ = {isa = PBXFileReference; fileEncoding = 4; lastKnownFileType = sourcecode.swift; path = Pokemon.swift; sourceTree = "<group>"; };
/* End PBXFileReference section */

/* Begin PBXFrameworksBuildPhase section */
		D0E205381BFD7D4200A518F8 /* Frameworks */ = {
			isa = PBXFrameworksBuildPhase;
			buildActionMask = 2147483647;
			files = (
			);
			runOnlyForDeploymentPostprocessing = 0;
		};
/* End PBXFrameworksBuildPhase section */

/* Begin PBXGroup section */
		D0E205321BFD7D4200A518F8 = {
			isa = PBXGroup;
			children = (
				D0E2053D1BFD7D4200A518F8 /* FakePokeDex */,
				D0E2053C1BFD7D4200A518F8 /* Products */,
			);
			sourceTree = "<group>";
		};
		D0E2053C1BFD7D4200A518F8 /* Products */ = {
			isa = PBXGroup;
			children = (
				D0E2053B1BFD7D4200A518F8 /* FakePokeDex.app */,
			);
			name = Products;
			sourceTree = "<group>";
		};
		D0E2053D1BFD7D4200A518F8 /* FakePokeDex */ = {
			isa = PBXGroup;
			children = (
				D0E205521BFD811F00A518F8 /* Model */,
				D0E2053E1BFD7D4200A518F8 /* AppDelegate.swift */,
				D0E205401BFD7D4200A518F8 /* ViewController.swift */,
				D0E205421BFD7D4200A518F8 /* Main.storyboard */,
				D0E205451BFD7D4200A518F8 /* Assets.xcassets */,
				D0E205471BFD7D4200A518F8 /* LaunchScreen.storyboard */,
				D0E2054A1BFD7D4200A518F8 /* Info.plist */,
				D0E205501BFD800500A518F8 /* pokemon.csv */,
			);
			path = FakePokeDex;
			sourceTree = "<group>";
		};
		D0E205521BFD811F00A518F8 /* Model */ = {
			isa = PBXGroup;
			children = (
				D0E205531BFD814100A518F8 /* Pokemon.swift */,
			);
			name = Model;
			sourceTree = "<group>";
		};
/* End PBXGroup section */

/* Begin PBXNativeTarget section */
		D0E2053A1BFD7D4200A518F8 /* FakePokeDex */ = {
			isa = PBXNativeTarget;
			buildConfigurationList = D0E2054D1BFD7D4200A518F8 /* Build configuration list for PBXNativeTarget "FakePokeDex" */;
			buildPhases = (
				D0E205371BFD7D4200A518F8 /* Sources */,
				D0E205381BFD7D4200A518F8 /* Frameworks */,
				D0E205391BFD7D4200A518F8 /* Resources */,
			);
			buildRules = (
			);
			dependencies = (
			);
			name = FakePokeDex;
			productName = FakePokeDex;
			productReference = D0E2053B1BFD7D4200A518F8 /* FakePokeDex.app */;
			productType = "com.apple.product-type.application";
		};
/* End PBXNativeTarget section */

/* Begin PBXProject section */
		D0E205331BFD7D4200A518F8 /* Project object */ = {
			isa = PBXProject;
			attributes = {
				LastSwiftUpdateCheck = 0710;
				LastUpgradeCheck = 0710;
				ORGANIZATIONNAME = Justin;
				TargetAttributes = {
					D0E2053A1BFD7D4200A518F8 = {
						CreatedOnToolsVersion = 7.1.1;
					};
				};
			};
			buildConfigurationList = D0E205361BFD7D4200A518F8 /* Build configuration list for PBXProject "FakePokeDex" */;
			compatibilityVersion = "Xcode 3.2";
			developmentRegion = English;
			hasScannedForEncodings = 0;
			knownRegions = (
				en,
				Base,
			);
			mainGroup = D0E205321BFD7D4200A518F8;
			productRefGroup = D0E2053C1BFD7D4200A518F8 /* Products */;
			projectDirPath = "";
			projectRoot = "";
			targets = (
				D0E2053A1BFD7D4200A518F8 /* FakePokeDex */,
			);
		};
/* End PBXProject section */

/* Begin PBXResourcesBuildPhase section */
		D0E205391BFD7D4200A518F8 /* Resources */ = {
			isa = PBXResourcesBuildPhase;
			buildActionMask = 2147483647;
			files = (
				D0E205491BFD7D4200A518F8 /* LaunchScreen.storyboard in Resources */,
				D0E205461BFD7D4200A518F8 /* Assets.xcassets in Resources */,
				D0E205511BFD800500A518F8 /* pokemon.csv in Resources */,
				D0E205441BFD7D4200A518F8 /* Main.storyboard in Resources */,
			);
			runOnlyForDeploymentPostprocessing = 0;
		};
/* End PBXResourcesBuildPhase section */

/* Begin PBXSourcesBuildPhase section */
		D0E205371BFD7D4200A518F8 /* Sources */ = {
			isa = PBXSourcesBuildPhase;
			buildActionMask = 2147483647;
			files = (
				D0E205411BFD7D4200A518F8 /* ViewController.swift in Sources */,
				D0E2053F1BFD7D4200A518F8 /* AppDelegate.swift in Sources */,
				D0E205541BFD814100A518F8 /* Pokemon.swift in Sources */,
			);
			runOnlyForDeploymentPostprocessing = 0;
		};
/* End PBXSourcesBuildPhase section */

/* Begin PBXVariantGroup section */
		D0E205421BFD7D4200A518F8 /* Main.storyboard */ = {
			isa = PBXVariantGroup;
			children = (
				D0E205431BFD7D4200A518F8 /* Base */,
			);
			name = Main.storyboard;
			sourceTree = "<group>";
		};
		D0E205471BFD7D4200A518F8 /* LaunchScreen.storyboard */ = {
			isa = PBXVariantGroup;
			children = (
				D0E205481BFD7D4200A518F8 /* Base */,
			);
			name = LaunchScreen.storyboard;
			sourceTree = "<group>";
		};
/* End PBXVariantGroup section */

/* Begin XCBuildConfiguration section */
		D0E2054B1BFD7D4200A518F8 /* Debug */ = {
			isa = XCBuildConfiguration;
			buildSettings = {
				ALWAYS_SEARCH_USER_PATHS = NO;
				CLANG_CXX_LANGUAGE_STANDARD = "gnu++0x";
				CLANG_CXX_LIBRARY = "libc++";
				CLANG_ENABLE_MODULES = YES;
				CLANG_ENABLE_OBJC_ARC = YES;
				CLANG_WARN_BOOL_CONVERSION = YES;
				CLANG_WARN_CONSTANT_CONVERSION = YES;
				CLANG_WARN_DIRECT_OBJC_ISA_USAGE = YES_ERROR;
				CLANG_WARN_EMPTY_BODY = YES;
				CLANG_WARN_ENUM_CONVERSION = YES;
				CLANG_WARN_INT_CONVERSION = YES;
				CLANG_WARN_OBJC_ROOT_CLASS = YES_ERROR;
				CLANG_WARN_UNREACHABLE_CODE = YES;
				CLANG_WARN__DUPLICATE_METHOD_MATCH = YES;
				"CODE_SIGN_IDENTITY[sdk=iphoneos*]" = "iPhone Developer";
				COPY_PHASE_STRIP = NO;
				DEBUG_INFORMATION_FORMAT = dwarf;
				ENABLE_STRICT_OBJC_MSGSEND = YES;
				ENABLE_TESTABILITY = YES;
				GCC_C_LANGUAGE_STANDARD = gnu99;
				GCC_DYNAMIC_NO_PIC = NO;
				GCC_NO_COMMON_BLOCKS = YES;
				GCC_OPTIMIZATION_LEVEL = 0;
				GCC_PREPROCESSOR_DEFINITIONS = (
					"DEBUG=1",
					"$(inherited)",
				);
				GCC_WARN_64_TO_32_BIT_CONVERSION = YES;
				GCC_WARN_ABOUT_RETURN_TYPE = YES_ERROR;
				GCC_WARN_UNDECLARED_SELECTOR = YES;
				GCC_WARN_UNINITIALIZED_AUTOS = YES_AGGRESSIVE;
				GCC_WARN_UNUSED_FUNCTION = YES;
				GCC_WARN_UNUSED_VARIABLE = YES;
				IPHONEOS_DEPLOYMENT_TARGET = 9.1;
				MTL_ENABLE_DEBUG_INFO = YES;
				ONLY_ACTIVE_ARCH = YES;
				SDKROOT = iphoneos;
				SWIFT_OPTIMIZATION_LEVEL = "-Onone";
				TARGETED_DEVICE_FAMILY = "1,2";
			};
			name = Debug;
		};
		D0E2054C1BFD7D4200A518F8 /* Release */ = {
			isa = XCBuildConfiguration;
			buildSettings = {
				ALWAYS_SEARCH_USER_PATHS = NO;
				CLANG_CXX_LANGUAGE_STANDARD = "gnu++0x";
				CLANG_CXX_LIBRARY = "libc++";
				CLANG_ENABLE_MODULES = YES;
				CLANG_ENABLE_OBJC_ARC = YES;
				CLANG_WARN_BOOL_CONVERSION = YES;
				CLANG_WARN_CONSTANT_CONVERSION = YES;
				CLANG_WARN_DIRECT_OBJC_ISA_USAGE = YES_ERROR;
				CLANG_WARN_EMPTY_BODY = YES;
				CLANG_WARN_ENUM_CONVERSION = YES;
				CLANG_WARN_INT_CONVERSION = YES;
				CLANG_WARN_OBJC_ROOT_CLASS = YES_ERROR;
				CLANG_WARN_UNREACHABLE_CODE = YES;
				CLANG_WARN__DUPLICATE_METHOD_MATCH = YES;
				"CODE_SIGN_IDENTITY[sdk=iphoneos*]" = "iPhone Developer";
				COPY_PHASE_STRIP = NO;
				DEBUG_INFORMATION_FORMAT = "dwarf-with-dsym";
				ENABLE_NS_ASSERTIONS = NO;
				ENABLE_STRICT_OBJC_MSGSEND = YES;
				GCC_C_LANGUAGE_STANDARD = gnu99;
				GCC_NO_COMMON_BLOCKS = YES;
				GCC_WARN_64_TO_32_BIT_CONVERSION = YES;
				GCC_WARN_ABOUT_RETURN_TYPE = YES_ERROR;
				GCC_WARN_UNDECLARED_SELECTOR = YES;
				GCC_WARN_UNINITIALIZED_AUTOS = YES_AGGRESSIVE;
				GCC_WARN_UNUSED_FUNCTION = YES;
				GCC_WARN_UNUSED_VARIABLE = YES;
				IPHONEOS_DEPLOYMENT_TARGET = 9.1;
				MTL_ENABLE_DEBUG_INFO = NO;
				SDKROOT = iphoneos;
				TARGETED_DEVICE_FAMILY = "1,2";
				VALIDATE_PRODUCT = YES;
			};
			name = Release;
		};
		D0E2054E1BFD7D4200A518F8 /* Debug */ = {
			isa = XCBuildConfiguration;
			buildSettings = {
				ASSETCATALOG_COMPILER_APPICON_NAME = AppIcon;
				INFOPLIST_FILE = FakePokeDex/Info.plist;
				LD_RUNPATH_SEARCH_PATHS = "$(inherited) @executable_path/Frameworks";
				PRODUCT_BUNDLE_IDENTIFIER = com.jjustind.FakePokeDex;
				PRODUCT_NAME = "$(TARGET_NAME)";
			};
			name = Debug;
		};
		D0E2054F1BFD7D4200A518F8 /* Release */ = {
			isa = XCBuildConfiguration;
			buildSettings = {
				ASSETCATALOG_COMPILER_APPICON_NAME = AppIcon;
				INFOPLIST_FILE = FakePokeDex/Info.plist;
				LD_RUNPATH_SEARCH_PATHS = "$(inherited) @executable_path/Frameworks";
				PRODUCT_BUNDLE_IDENTIFIER = com.jjustind.FakePokeDex;
				PRODUCT_NAME = "$(TARGET_NAME)";
			};
			name = Release;
		};
/* End XCBuildConfiguration section */

/* Begin XCConfigurationList section */
		D0E205361BFD7D4200A518F8 /* Build configuration list for PBXProject "FakePokeDex" */ = {
			isa = XCConfigurationList;
			buildConfigurations = (
				D0E2054B1BFD7D4200A518F8 /* Debug */,
				D0E2054C1BFD7D4200A518F8 /* Release */,
			);
			defaultConfigurationIsVisible = 0;
			defaultConfigurationName = Release;
		};
		D0E2054D1BFD7D4200A518F8 /* Build configuration list for PBXNativeTarget "FakePokeDex" */ = {
			isa = XCConfigurationList;
			buildConfigurations = (
				D0E2054E1BFD7D4200A518F8 /* Debug */,
				D0E2054F1BFD7D4200A518F8 /* Release */,
			);
			defaultConfigurationIsVisible = 0;
		};
/* End XCConfigurationList section */
	};
	rootObject = D0E205331BFD7D4200A518F8 /* Project object */;
}
